Microsoft Visual Studio Solution File, Format Version 11.00
# Visual Studio 2008

Project("{ECBFBA41-1EB5-DCA0-8875-FE9D466C4C5E}") = "User defined target", "Assembly-CSharp-vs.csproj", "{70577B26-BC57-3704-AD58-13BD13156831}"
EndProject
Project("{ECBFBA41-1EB5-DCA0-8875-FE9D466C4C5E}") = "User defined target", "Assembly-CSharp-Editor-vs.csproj", "{D2E9C38F-9D35-BB5F-B1E9-9CC8042E073F}"
EndProject
Global
	GlobalSection(SolutionConfigurationPlatforms) = preSolution
		Debug|Any CPU = Debug|Any CPU
		Release|Any CPU = Release|Any CPU
	EndGlobalSection
	GlobalSection(ProjectConfigurationPlatforms) = postSolution
		{70577B26-BC57-3704-AD58-13BD13156831}.Debug|Any CPU.ActiveCfg = Debug|Any CPU
		{70577B26-BC57-3704-AD58-13BD13156831}.Debug|Any CPU.Build.0 = Debug|Any CPU
		{70577B26-BC57-3704-AD58-13BD13156831}.Release|Any CPU.ActiveCfg = Release|Any CPU
		{70577B26-BC57-3704-AD58-13BD13156831}.Release|Any CPU.Build.0 = Release|Any CPU
		{D2E9C38F-9D35-BB5F-B1E9-9CC8042E073F}.Debug|Any CPU.ActiveCfg = Debug|Any CPU
		{D2E9C38F-9D35-BB5F-B1E9-9CC8042E073F}.Debug|Any CPU.Build.0 = Debug|Any CPU
		{D2E9C38F-9D35-BB5F-B1E9-9CC8042E073F}.Release|Any CPU.ActiveCfg = Release|Any CPU
		{D2E9C38F-9D35-BB5F-B1E9-9CC8042E073F}.Release|Any CPU.Build.0 = Release|Any CPU
	EndGlobalSection
	GlobalSection(SolutionProperties) = preSolution
		HideSolutionNode = FALSE
	EndGlobalSection
		GlobalSection(MonoDevelopProperties) = preSolution
		StartupItem = Assembly-CSharp.csproj
		Policies = $0
		$0.TextStylePolicy = $1
		$1.inheritsSet = null
		$1.scope = text/x-csharp
		$0.CSharpFormattingPolicy = $2
		$2.inheritsSet = Mono
		$2.inheritsScope = text/x-csharp
		$2.scope = text/x-csharp
		$0.TextStylePolicy = $3
		$3.FileWidth = 120
		$3.TabWidth = 4
		$3.IndentWidth = 4
		$3.EolMarker = Unix
		$3.inheritsSet = Mono
		$3.inheritsScope = text/plain
		$3.scope = text/plain
	EndGlobalSection

EndGlobal
